// !$*UTF8*$!
{
	archiveVersion = 1;
	classes = {
	};
	objectVersion = 46;
	objects = {

/* Begin PBXBuildFile section */
		407A73FB66F73BC967B34130 /* Pods_MySocial.framework in Frameworks */ = {isa = PBXBuildFile; fileRef = 9B0FAE9B798A8FC98BEF33F2 /* Pods_MySocial.framework */; };
		AB2758021D9B177B00777B22 /* FancyView.swift in Sources */ = {isa = PBXBuildFile; fileRef = AB2758011D9B177B00777B22 /* FancyView.swift */; };
		AB2758051D9B185E00777B22 /* Constants.swift in Sources */ = {isa = PBXBuildFile; fileRef = AB2758041D9B185E00777B22 /* Constants.swift */; };
		AB2758071D9B1D1000777B22 /* RoundButton.swift in Sources */ = {isa = PBXBuildFile; fileRef = AB2758061D9B1D1000777B22 /* RoundButton.swift */; };
		AB2758091D9B1ECF00777B22 /* FancyField.swift in Sources */ = {isa = PBXBuildFile; fileRef = AB2758081D9B1ECF00777B22 /* FancyField.swift */; };
		AB56DFE01D99BA86005048EE /* AppDelegate.swift in Sources */ = {isa = PBXBuildFile; fileRef = AB56DFDF1D99BA86005048EE /* AppDelegate.swift */; };
		AB56DFE21D99BA86005048EE /* SignInVC.swift in Sources */ = {isa = PBXBuildFile; fileRef = AB56DFE11D99BA86005048EE /* SignInVC.swift */; };
		AB56DFE51D99BA86005048EE /* Main.storyboard in Resources */ = {isa = PBXBuildFile; fileRef = AB56DFE31D99BA86005048EE /* Main.storyboard */; };
		AB56DFE71D99BA86005048EE /* Assets.xcassets in Resources */ = {isa = PBXBuildFile; fileRef = AB56DFE61D99BA86005048EE /* Assets.xcassets */; };
		AB56DFEA1D99BA86005048EE /* LaunchScreen.storyboard in Resources */ = {isa = PBXBuildFile; fileRef = AB56DFE81D99BA86005048EE /* LaunchScreen.storyboard */; };
		AB56DFF21D99BB2F005048EE /* GoogleService-Info.plist in Resources */ = {isa = PBXBuildFile; fileRef = AB56DFF11D99BB2F005048EE /* GoogleService-Info.plist */; };
/* End PBXBuildFile section */

/* Begin PBXFileReference section */
		51AEA993B0CDEBD202A5FD01 /* Pods-MySocial.debug.xcconfig */ = {isa = PBXFileReference; includeInIndex = 1; lastKnownFileType = text.xcconfig; name = "Pods-MySocial.debug.xcconfig"; path = "Pods/Target Support Files/Pods-MySocial/Pods-MySocial.debug.xcconfig"; sourceTree = "<group>"; };
		8BBA4B8D9CFE4FE6C6A53251 /* Pods-MySocial.release.xcconfig */ = {isa = PBXFileReference; includeInIndex = 1; lastKnownFileType = text.xcconfig; name = "Pods-MySocial.release.xcconfig"; path = "Pods/Target Support Files/Pods-MySocial/Pods-MySocial.release.xcconfig"; sourceTree = "<group>"; };
		9B0FAE9B798A8FC98BEF33F2 /* Pods_MySocial.framework */ = {isa = PBXFileReference; explicitFileType = wrapper.framework; includeInIndex = 0; path = Pods_MySocial.framework; sourceTree = BUILT_PRODUCTS_DIR; };
		AB2758011D9B177B00777B22 /* FancyView.swift */ = {isa = PBXFileReference; fileEncoding = 4; lastKnownFileType = sourcecode.swift; path = FancyView.swift; sourceTree = "<group>"; };
		AB2758041D9B185E00777B22 /* Constants.swift */ = {isa = PBXFileReference; fileEncoding = 4; lastKnownFileType = sourcecode.swift; path = Constants.swift; sourceTree = "<group>"; };
		AB2758061D9B1D1000777B22 /* RoundButton.swift */ = {isa = PBXFileReference; fileEncoding = 4; lastKnownFileType = sourcecode.swift; path = RoundButton.swift; sourceTree = "<group>"; };
		AB2758081D9B1ECF00777B22 /* FancyField.swift */ = {isa = PBXFileReference; fileEncoding = 4; lastKnownFileType = sourcecode.swift; path = FancyField.swift; sourceTree = "<group>"; };
		AB56DFDC1D99BA86005048EE /* MySocial.app */ = {isa = PBXFileReference; explicitFileType = wrapper.application; includeInIndex = 0; path = MySocial.app; sourceTree = BUILT_PRODUCTS_DIR; };
		AB56DFDF1D99BA86005048EE /* AppDelegate.swift */ = {isa = PBXFileReference; lastKnownFileType = sourcecode.swift; path = AppDelegate.swift; sourceTree = "<group>"; };
		AB56DFE11D99BA86005048EE /* SignInVC.swift */ = {isa = PBXFileReference; lastKnownFileType = sourcecode.swift; path = SignInVC.swift; sourceTree = "<group>"; };
		AB56DFE41D99BA86005048EE /* Base */ = {isa = PBXFileReference; lastKnownFileType = file.storyboard; name = Base; path = Base.lproj/Main.storyboard; sourceTree = "<group>"; };
		AB56DFE61D99BA86005048EE /* Assets.xcassets */ = {isa = PBXFileReference; lastKnownFileType = folder.assetcatalog; path = Assets.xcassets; sourceTree = "<group>"; };
		AB56DFE91D99BA86005048EE /* Base */ = {isa = PBXFileReference; lastKnownFileType = file.storyboard; name = Base; path = Base.lproj/LaunchScreen.storyboard; sourceTree = "<group>"; };
		AB56DFEB1D99BA86005048EE /* Info.plist */ = {isa = PBXFileReference; lastKnownFileType = text.plist.xml; path = Info.plist; sourceTree = "<group>"; };
		AB56DFF11D99BB2F005048EE /* GoogleService-Info.plist */ = {isa = PBXFileReference; fileEncoding = 4; lastKnownFileType = text.plist.xml; path = "GoogleService-Info.plist"; sourceTree = "<group>"; };
		ABA5F1121D9DA47900A4976E /* MySocial.entitlements */ = {isa = PBXFileReference; lastKnownFileType = text.plist.entitlements; path = MySocial.entitlements; sourceTree = "<group>"; };
/* End PBXFileReference section */

/* Begin PBXFrameworksBuildPhase section */
		AB56DFD91D99BA85005048EE /* Frameworks */ = {
			isa = PBXFrameworksBuildPhase;
			buildActionMask = 2147483647;
			files = (
				407A73FB66F73BC967B34130 /* Pods_MySocial.framework in Frameworks */,
			);
			runOnlyForDeploymentPostprocessing = 0;
		};
/* End PBXFrameworksBuildPhase section */

/* Begin PBXGroup section */
		061BF8E12A73B90D868E6C50 /* Pods */ = {
			isa = PBXGroup;
			children = (
				51AEA993B0CDEBD202A5FD01 /* Pods-MySocial.debug.xcconfig */,
				8BBA4B8D9CFE4FE6C6A53251 /* Pods-MySocial.release.xcconfig */,
			);
			name = Pods;
			sourceTree = "<group>";
		};
		8B73045096B482DC6E50AC8C /* Frameworks */ = {
			isa = PBXGroup;
			children = (
				9B0FAE9B798A8FC98BEF33F2 /* Pods_MySocial.framework */,
			);
			name = Frameworks;
			sourceTree = "<group>";
		};
		AB2758031D9B182700777B22 /* Util */ = {
			isa = PBXGroup;
			children = (
				AB2758041D9B185E00777B22 /* Constants.swift */,
			);
			name = Util;
			sourceTree = "<group>";
		};
		AB2EC8C11D99BE5000D4F385 /* Model */ = {
			isa = PBXGroup;
			children = (
			);
			name = Model;
			sourceTree = "<group>";
		};
		AB2EC8C21D99BE5700D4F385 /* View */ = {
			isa = PBXGroup;
			children = (
				AB2758011D9B177B00777B22 /* FancyView.swift */,
				AB2758061D9B1D1000777B22 /* RoundButton.swift */,
				AB2758081D9B1ECF00777B22 /* FancyField.swift */,
			);
			name = View;
			sourceTree = "<group>";
		};
		AB2EC8C31D99BE6100D4F385 /* Controller */ = {
			isa = PBXGroup;
			children = (
				AB56DFE11D99BA86005048EE /* SignInVC.swift */,
			);
			name = Controller;
			sourceTree = "<group>";
		};
		AB56DFD31D99BA85005048EE = {
			isa = PBXGroup;
			children = (
				AB56DFDE1D99BA86005048EE /* MySocial */,
				AB56DFDD1D99BA86005048EE /* Products */,
				061BF8E12A73B90D868E6C50 /* Pods */,
				8B73045096B482DC6E50AC8C /* Frameworks */,
			);
			sourceTree = "<group>";
		};
		AB56DFDD1D99BA86005048EE /* Products */ = {
			isa = PBXGroup;
			children = (
				AB56DFDC1D99BA86005048EE /* MySocial.app */,
			);
			name = Products;
			sourceTree = "<group>";
		};
		AB56DFDE1D99BA86005048EE /* MySocial */ = {
			isa = PBXGroup;
			children = (
				ABA5F1121D9DA47900A4976E /* MySocial.entitlements */,
				AB2758031D9B182700777B22 /* Util */,
				AB2EC8C11D99BE5000D4F385 /* Model */,
				AB2EC8C31D99BE6100D4F385 /* Controller */,
				AB2EC8C21D99BE5700D4F385 /* View */,
				AB56DFF11D99BB2F005048EE /* GoogleService-Info.plist */,
				AB56DFDF1D99BA86005048EE /* AppDelegate.swift */,
				AB56DFE31D99BA86005048EE /* Main.storyboard */,
				AB56DFE61D99BA86005048EE /* Assets.xcassets */,
				AB56DFE81D99BA86005048EE /* LaunchScreen.storyboard */,
				AB56DFEB1D99BA86005048EE /* Info.plist */,
			);
			path = MySocial;
			sourceTree = "<group>";
		};
/* End PBXGroup section */

/* Begin PBXNativeTarget section */
		AB56DFDB1D99BA85005048EE /* MySocial */ = {
			isa = PBXNativeTarget;
			buildConfigurationList = AB56DFEE1D99BA86005048EE /* Build configuration list for PBXNativeTarget "MySocial" */;
			buildPhases = (
				3C4C3A5CFE3D8A4BEB78B03F /* [CP] Check Pods Manifest.lock */,
				AB56DFD81D99BA85005048EE /* Sources */,
				AB56DFD91D99BA85005048EE /* Frameworks */,
				AB56DFDA1D99BA85005048EE /* Resources */,
				4390821FDCD9657E2A92E6A4 /* [CP] Embed Pods Frameworks */,
				7724D76F9628F0BE08A38901 /* [CP] Copy Pods Resources */,
			);
			buildRules = (
			);
			dependencies = (
			);
			name = MySocial;
			productName = MySocial;
			productReference = AB56DFDC1D99BA86005048EE /* MySocial.app */;
			productType = "com.apple.product-type.application";
		};
/* End PBXNativeTarget section */

/* Begin PBXProject section */
		AB56DFD41D99BA85005048EE /* Project object */ = {
			isa = PBXProject;
			attributes = {
				LastSwiftUpdateCheck = 0800;
				LastUpgradeCheck = 0800;
				ORGANIZATIONNAME = Rennie;
				TargetAttributes = {
					AB56DFDB1D99BA85005048EE = {
						CreatedOnToolsVersion = 8.0;
						DevelopmentTeam = 38GZF7DKJ2;
						ProvisioningStyle = Automatic;
						SystemCapabilities = {
							com.apple.Keychain = {
								enabled = 1;
							};
						};
					};
				};
			};
			buildConfigurationList = AB56DFD71D99BA85005048EE /* Build configuration list for PBXProject "MySocial" */;
			compatibilityVersion = "Xcode 3.2";
			developmentRegion = English;
			hasScannedForEncodings = 0;
			knownRegions = (
				en,
				Base,
			);
			mainGroup = AB56DFD31D99BA85005048EE;
			productRefGroup = AB56DFDD1D99BA86005048EE /* Products */;
			projectDirPath = "";
			projectRoot = "";
			targets = (
				AB56DFDB1D99BA85005048EE /* MySocial */,
			);
		};
/* End PBXProject section */

/* Begin PBXResourcesBuildPhase section */
		AB56DFDA1D99BA85005048EE /* Resources */ = {
			isa = PBXResourcesBuildPhase;
			buildActionMask = 2147483647;
			files = (
				AB56DFF21D99BB2F005048EE /* GoogleService-Info.plist in Resources */,
				AB56DFEA1D99BA86005048EE /* LaunchScreen.storyboard in Resources */,
				AB56DFE71D99BA86005048EE /* Assets.xcassets in Resources */,
				AB56DFE51D99BA86005048EE /* Main.storyboard in Resources */,
			);
			runOnlyForDeploymentPostprocessing = 0;
		};
/* End PBXResourcesBuildPhase section */

/* Begin PBXShellScriptBuildPhase section */
		3C4C3A5CFE3D8A4BEB78B03F /* [CP] Check Pods Manifest.lock */ = {
			isa = PBXShellScriptBuildPhase;
			buildActionMask = 2147483647;
			files = (
			);
			inputPaths = (
			);
			name = "[CP] Check Pods Manifest.lock";
			outputPaths = (
			);
			runOnlyForDeploymentPostprocessing = 0;
			shellPath = /bin/sh;
			shellScript = "diff \"${PODS_ROOT}/../Podfile.lock\" \"${PODS_ROOT}/Manifest.lock\" > /dev/null\nif [[ $? != 0 ]] ; then\n    cat << EOM\nerror: The sandbox is not in sync with the Podfile.lock. Run 'pod install' or update your CocoaPods installation.\nEOM\n    exit 1\nfi\n";
			showEnvVarsInLog = 0;
		};
		4390821FDCD9657E2A92E6A4 /* [CP] Embed Pods Frameworks */ = {
			isa = PBXShellScriptBuildPhase;
			buildActionMask = 2147483647;
			files = (
			);
			inputPaths = (
			);
			name = "[CP] Embed Pods Frameworks";
			outputPaths = (
			);
			runOnlyForDeploymentPostprocessing = 0;
			shellPath = /bin/sh;
			shellScript = "\"${SRCROOT}/Pods/Target Support Files/Pods-MySocial/Pods-MySocial-frameworks.sh\"\n";
			showEnvVarsInLog = 0;
		};
		7724D76F9628F0BE08A38901 /* [CP] Copy Pods Resources */ = {
			isa = PBXShellScriptBuildPhase;
			buildActionMask = 2147483647;
			files = (
			);
			inputPaths = (
			);
			name = "[CP] Copy Pods Resources";
			outputPaths = (
			);
			runOnlyForDeploymentPostprocessing = 0;
			shellPath = /bin/sh;
			shellScript = "\"${SRCROOT}/Pods/Target Support Files/Pods-MySocial/Pods-MySocial-resources.sh\"\n";
			showEnvVarsInLog = 0;
		};
/* End PBXShellScriptBuildPhase section */

/* Begin PBXSourcesBuildPhase section */
		AB56DFD81D99BA85005048EE /* Sources */ = {
			isa = PBXSourcesBuildPhase;
			buildActionMask = 2147483647;
			files = (
				AB2758091D9B1ECF00777B22 /* FancyField.swift in Sources */,
				AB56DFE21D99BA86005048EE /* SignInVC.swift in Sources */,
				AB2758071D9B1D1000777B22 /* RoundButton.swift in Sources */,
				AB56DFE01D99BA86005048EE /* AppDelegate.swift in Sources */,
				AB2758021D9B177B00777B22 /* FancyView.swift in Sources */,
				AB2758051D9B185E00777B22 /* Constants.swift in Sources */,
			);
			runOnlyForDeploymentPostprocessing = 0;
		};
/* End PBXSourcesBuildPhase section */

/* Begin PBXVariantGroup section */
		AB56DFE31D99BA86005048EE /* Main.storyboard */ = {
			isa = PBXVariantGroup;
			children = (
				AB56DFE41D99BA86005048EE /* Base */,
			);
			name = Main.storyboard;
			sourceTree = "<group>";
		};
		AB56DFE81D99BA86005048EE /* LaunchScreen.storyboard */ = {
			isa = PBXVariantGroup;
			children = (
				AB56DFE91D99BA86005048EE /* Base */,
			);
			name = LaunchScreen.storyboard;
			sourceTree = "<group>";
		};
/* End PBXVariantGroup section */

/* Begin XCBuildConfiguration section */
		AB56DFEC1D99BA86005048EE /* Debug */ = {
			isa = XCBuildConfiguration;
			buildSettings = {
				ALWAYS_SEARCH_USER_PATHS = NO;
				CLANG_ANALYZER_NONNULL = YES;
				CLANG_CXX_LANGUAGE_STANDARD = "gnu++0x";
				CLANG_CXX_LIBRARY = "libc++";
				CLANG_ENABLE_MODULES = YES;
				CLANG_ENABLE_OBJC_ARC = YES;
				CLANG_WARN_BOOL_CONVERSION = YES;
				CLANG_WARN_CONSTANT_CONVERSION = YES;
				CLANG_WARN_DIRECT_OBJC_ISA_USAGE = YES_ERROR;
				CLANG_WARN_DOCUMENTATION_COMMENTS = YES;
				CLANG_WARN_EMPTY_BODY = YES;
				CLANG_WARN_ENUM_CONVERSION = YES;
				CLANG_WARN_INFINITE_RECURSION = YES;
				CLANG_WARN_INT_CONVERSION = YES;
				CLANG_WARN_OBJC_ROOT_CLASS = YES_ERROR;
				CLANG_WARN_SUSPICIOUS_MOVE = YES;
				CLANG_WARN_SUSPICIOUS_MOVES = YES;
				CLANG_WARN_UNREACHABLE_CODE = YES;
				CLANG_WARN__DUPLICATE_METHOD_MATCH = YES;
				"CODE_SIGN_IDENTITY[sdk=iphoneos*]" = "iPhone Developer";
				COPY_PHASE_STRIP = NO;
				DEBUG_INFORMATION_FORMAT = dwarf;
				ENABLE_STRICT_OBJC_MSGSEND = YES;
				ENABLE_TESTABILITY = YES;
				GCC_C_LANGUAGE_STANDARD = gnu99;
				GCC_DYNAMIC_NO_PIC = NO;
				GCC_NO_COMMON_BLOCKS = YES;
				GCC_OPTIMIZATION_LEVEL = 0;
				GCC_PREPROCESSOR_DEFINITIONS = (
					"DEBUG=1",
					"$(inherited)",
				);
				GCC_WARN_64_TO_32_BIT_CONVERSION = YES;
				GCC_WARN_ABOUT_RETURN_TYPE = YES_ERROR;
				GCC_WARN_UNDECLARED_SELECTOR = YES;
				GCC_WARN_UNINITIALIZED_AUTOS = YES_AGGRESSIVE;
				GCC_WARN_UNUSED_FUNCTION = YES;
				GCC_WARN_UNUSED_VARIABLE = YES;
				IPHONEOS_DEPLOYMENT_TARGET = 10.0;
				MTL_ENABLE_DEBUG_INFO = YES;
				ONLY_ACTIVE_ARCH = YES;
				SDKROOT = iphoneos;
				SWIFT_ACTIVE_COMPILATION_CONDITIONS = DEBUG;
				SWIFT_OPTIMIZATION_LEVEL = "-Onone";
			};
			name = Debug;
		};
		AB56DFED1D99BA86005048EE /* Release */ = {
			isa = XCBuildConfiguration;
			buildSettings = {
				ALWAYS_SEARCH_USER_PATHS = NO;
				CLANG_ANALYZER_NONNULL = YES;
				CLANG_CXX_LANGUAGE_STANDARD = "gnu++0x";
				CLANG_CXX_LIBRARY = "libc++";
				CLANG_ENABLE_MODULES = YES;
				CLANG_ENABLE_OBJC_ARC = YES;
				CLANG_WARN_BOOL_CONVERSION = YES;
				CLANG_WARN_CONSTANT_CONVERSION = YES;
				CLANG_WARN_DIRECT_OBJC_ISA_USAGE = YES_ERROR;
				CLANG_WARN_DOCUMENTATION_COMMENTS = YES;
				CLANG_WARN_EMPTY_BODY = YES;
				CLANG_WARN_ENUM_CONVERSION = YES;
				CLANG_WARN_INFINITE_RECURSION = YES;
				CLANG_WARN_INT_CONVERSION = YES;
				CLANG_WARN_OBJC_ROOT_CLASS = YES_ERROR;
				CLANG_WARN_SUSPICIOUS_MOVE = YES;
				CLANG_WARN_SUSPICIOUS_MOVES = YES;
				CLANG_WARN_UNREACHABLE_CODE = YES;
				CLANG_WARN__DUPLICATE_METHOD_MATCH = YES;
				"CODE_SIGN_IDENTITY[sdk=iphoneos*]" = "iPhone Developer";
				COPY_PHASE_STRIP = NO;
				DEBUG_INFORMATION_FORMAT = "dwarf-with-dsym";
				ENABLE_NS_ASSERTIONS = NO;
				ENABLE_STRICT_OBJC_MSGSEND = YES;
				GCC_C_LANGUAGE_STANDARD = gnu99;
				GCC_NO_COMMON_BLOCKS = YES;
				GCC_WARN_64_TO_32_BIT_CONVERSION = YES;
				GCC_WARN_ABOUT_RETURN_TYPE = YES_ERROR;
				GCC_WARN_UNDECLARED_SELECTOR = YES;
				GCC_WARN_UNINITIALIZED_AUTOS = YES_AGGRESSIVE;
				GCC_WARN_UNUSED_FUNCTION = YES;
				GCC_WARN_UNUSED_VARIABLE = YES;
				IPHONEOS_DEPLOYMENT_TARGET = 10.0;
				MTL_ENABLE_DEBUG_INFO = NO;
				SDKROOT = iphoneos;
				SWIFT_OPTIMIZATION_LEVEL = "-Owholemodule";
				VALIDATE_PRODUCT = YES;
			};
			name = Release;
		};
		AB56DFEF1D99BA86005048EE /* Debug */ = {
			isa = XCBuildConfiguration;
			baseConfigurationReference = 51AEA993B0CDEBD202A5FD01 /* Pods-MySocial.debug.xcconfig */;
			buildSettings = {
				ASSETCATALOG_COMPILER_APPICON_NAME = AppIcon;
				CODE_SIGN_ENTITLEMENTS = MySocial/MySocial.entitlements;
				DEVELOPMENT_TEAM = 38GZF7DKJ2;
				INFOPLIST_FILE = MySocial/Info.plist;
				LD_RUNPATH_SEARCH_PATHS = "$(inherited) @executable_path/Frameworks";
				PRODUCT_BUNDLE_IDENTIFIER = renniegovender.MySocial;
				PRODUCT_NAME = "$(TARGET_NAME)";
				SWIFT_VERSION = 3.0;
			};
			name = Debug;
		};
		AB56DFF01D99BA86005048EE /* Release */ = {
			isa = XCBuildConfiguration;
			baseConfigurationReference = 8BBA4B8D9CFE4FE6C6A53251 /* Pods-MySocial.release.xcconfig */;
			buildSettings = {
				ASSETCATALOG_COMPILER_APPICON_NAME = AppIcon;
				CODE_SIGN_ENTITLEMENTS = MySocial/MySocial.entitlements;
				DEVELOPMENT_TEAM = 38GZF7DKJ2;
				INFOPLIST_FILE = MySocial/Info.plist;
				LD_RUNPATH_SEARCH_PATHS = "$(inherited) @executable_path/Frameworks";
				PRODUCT_BUNDLE_IDENTIFIER = renniegovender.MySocial;
				PRODUCT_NAME = "$(TARGET_NAME)";
				SWIFT_VERSION = 3.0;
			};
			name = Release;
		};
/* End XCBuildConfiguration section */

/* Begin XCConfigurationList section */
		AB56DFD71D99BA85005048EE /* Build configuration list for PBXProject "MySocial" */ = {
			isa = XCConfigurationList;
			buildConfigurations = (
				AB56DFEC1D99BA86005048EE /* Debug */,
				AB56DFED1D99BA86005048EE /* Release */,
			);
			defaultConfigurationIsVisible = 0;
			defaultConfigurationName = Release;
		};
		AB56DFEE1D99BA86005048EE /* Build configuration list for PBXNativeTarget "MySocial" */ = {
			isa = XCConfigurationList;
			buildConfigurations = (
				AB56DFEF1D99BA86005048EE /* Debug */,
				AB56DFF01D99BA86005048EE /* Release */,
			);
			defaultConfigurationIsVisible = 0;
			defaultConfigurationName = Release;
		};
/* End XCConfigurationList section */
	};
	rootObject = AB56DFD41D99BA85005048EE /* Project object */;
}
